
Microsoft Visual Studio Solution File, Format Version 12.00
# Visual Studio Version 17
VisualStudioVersion = 17.5.33530.505
MinimumVisualStudioVersion = 10.0.40219.1
Project("{FAE04EC0-301F-11D3-BF4B-00C04F79EFBC}") = "AppCodigoBarras.Android", "AppCodigoBarras\AppCodigoBarras.Android\AppCodigoBarras.Android.csproj", "{23E003FA-9965-479A-BEAC-ABC08543E739}"
EndProject
Project("{FAE04EC0-301F-11D3-BF4B-00C04F79EFBC}") = "AppCodigoBarras", "AppCodigoBarras\AppCodigoBarras\AppCodigoBarras.csproj", "{976C31C1-FC2A-4730-924E-A6F72B6E44C2}"
EndProject
Global
	GlobalSection(SolutionConfigurationPlatforms) = preSolution
		Debug|Any CPU = Debug|Any CPU
		Release|Any CPU = Release|Any CPU
	EndGlobalSection
	GlobalSection(ProjectConfigurationPlatforms) = postSolution
		{23E003FA-9965-479A-BEAC-ABC08543E739}.Debug|Any CPU.ActiveCfg = Debug|Any CPU
		{23E003FA-9965-479A-BEAC-ABC08543E739}.Debug|Any CPU.Build.0 = Debug|Any CPU
		{23E003FA-9965-479A-BEAC-ABC08543E739}.Debug|Any CPU.Deploy.0 = Debug|Any CPU
		{23E003FA-9965-479A-BEAC-ABC08543E739}.Release|Any CPU.ActiveCfg = Release|Any CPU
		{23E003FA-9965-479A-BEAC-ABC08543E739}.Release|Any CPU.Build.0 = Release|Any CPU
		{23E003FA-9965-479A-BEAC-ABC08543E739}.Release|Any CPU.Deploy.0 = Release|Any CPU
		{976C31C1-FC2A-4730-924E-A6F72B6E44C2}.Debug|Any CPU.ActiveCfg = Debug|Any CPU
		{976C31C1-FC2A-4730-924E-A6F72B6E44C2}.Debug|Any CPU.Build.0 = Debug|Any CPU
		{976C31C1-FC2A-4730-924E-A6F72B6E44C2}.Debug|Any CPU.Deploy.0 = Debug|Any CPU
		{976C31C1-FC2A-4730-924E-A6F72B6E44C2}.Release|Any CPU.ActiveCfg = Release|Any CPU
		{976C31C1-FC2A-4730-924E-A6F72B6E44C2}.Release|Any CPU.Build.0 = Release|Any CPU
		{976C31C1-FC2A-4730-924E-A6F72B6E44C2}.Release|Any CPU.Deploy.0 = Release|Any CPU
	EndGlobalSection
	GlobalSection(SolutionProperties) = preSolution
		HideSolutionNode = FALSE
	EndGlobalSection
	GlobalSection(ExtensibilityGlobals) = postSolution
		SolutionGuid = {E32A014C-718D-4308-9E35-5F10DC3DFEA2}
	EndGlobalSection
EndGlobal
